
Microsoft Visual Studio Solution File, Format Version 12.00
# Visual Studio 15
VisualStudioVersion = 15.0.27004.2005
MinimumVisualStudioVersion = 10.0.40219.1
Project("{FAE04EC0-301F-11D3-BF4B-00C04F79EFBC}") = "Signal", "Signal\Signal.csproj", "{FC372EA9-1E18-41A0-858C-59A3FF04B8E8}"
EndProject
Global
	GlobalSection(SolutionConfigurationPlatforms) = preSolution
		Debug|Any CPU = Debug|Any CPU
		Release|Any CPU = Release|Any CPU
	EndGlobalSection
	GlobalSection(ProjectConfigurationPlatforms) = postSolution
		{FC372EA9-1E18-41A0-858C-59A3FF04B8E8}.Debug|Any CPU.ActiveCfg = Debug|Any CPU
		{FC372EA9-1E18-41A0-858C-59A3FF04B8E8}.Debug|Any CPU.Build.0 = Debug|Any CPU
		{FC372EA9-1E18-41A0-858C-59A3FF04B8E8}.Release|Any CPU.ActiveCfg = Release|Any CPU
		{FC372EA9-1E18-41A0-858C-59A3FF04B8E8}.Release|Any CPU.Build.0 = Release|Any CPU
	EndGlobalSection
	GlobalSection(SolutionProperties) = preSolution
		HideSolutionNode = FALSE
	EndGlobalSection
	GlobalSection(ExtensibilityGlobals) = postSolution
		SolutionGuid = {D5CB0B9A-66FC-4478-9D7B-78AEDD432200}
	EndGlobalSection
EndGlobal
